// !$*UTF8*$!
{
	archiveVersion = 1;
	classes = {
	};
	objectVersion = 46;
	objects = {

/* Begin PBXBuildFile section */
		1831B3531BB97CA700ABFD69 /* AppDelegate.swift in Sources */ = {isa = PBXBuildFile; fileRef = 1831B3521BB97CA700ABFD69 /* AppDelegate.swift */; };
		1831B3581BB97CA700ABFD69 /* Main.storyboard in Resources */ = {isa = PBXBuildFile; fileRef = 1831B3561BB97CA700ABFD69 /* Main.storyboard */; };
		1831B35A1BB97CA700ABFD69 /* Assets.xcassets in Resources */ = {isa = PBXBuildFile; fileRef = 1831B3591BB97CA700ABFD69 /* Assets.xcassets */; };
		1831B35D1BB97CA700ABFD69 /* LaunchScreen.storyboard in Resources */ = {isa = PBXBuildFile; fileRef = 1831B35B1BB97CA700ABFD69 /* LaunchScreen.storyboard */; };
		1831B3651BB97E1900ABFD69 /* RestaurantTableViewController.swift in Sources */ = {isa = PBXBuildFile; fileRef = 1831B3641BB97E1900ABFD69 /* RestaurantTableViewController.swift */; settings = {ASSET_TAGS = (); }; };
		1831B3671BB985F600ABFD69 /* RestaurantTableViewCell.swift in Sources */ = {isa = PBXBuildFile; fileRef = 1831B3661BB985F600ABFD69 /* RestaurantTableViewCell.swift */; settings = {ASSET_TAGS = (); }; };
		1831B3691BB9BF0B00ABFD69 /* RestaurantDetailViewController.swift in Sources */ = {isa = PBXBuildFile; fileRef = 1831B3681BB9BF0B00ABFD69 /* RestaurantDetailViewController.swift */; settings = {ASSET_TAGS = (); }; };
		1831B36B1BB9D82F00ABFD69 /* Restaurant.swift in Sources */ = {isa = PBXBuildFile; fileRef = 1831B36A1BB9D82F00ABFD69 /* Restaurant.swift */; settings = {ASSET_TAGS = (); }; };
/* End PBXBuildFile section */

/* Begin PBXFileReference section */
		1831B34F1BB97CA700ABFD69 /* FoodPin.app */ = {isa = PBXFileReference; explicitFileType = wrapper.application; includeInIndex = 0; path = FoodPin.app; sourceTree = BUILT_PRODUCTS_DIR; };
		1831B3521BB97CA700ABFD69 /* AppDelegate.swift */ = {isa = PBXFileReference; lastKnownFileType = sourcecode.swift; path = AppDelegate.swift; sourceTree = "<group>"; };
		1831B3571BB97CA700ABFD69 /* Base */ = {isa = PBXFileReference; lastKnownFileType = file.storyboard; name = Base; path = Base.lproj/Main.storyboard; sourceTree = "<group>"; };
		1831B3591BB97CA700ABFD69 /* Assets.xcassets */ = {isa = PBXFileReference; lastKnownFileType = folder.assetcatalog; path = Assets.xcassets; sourceTree = "<group>"; };
		1831B35C1BB97CA700ABFD69 /* Base */ = {isa = PBXFileReference; lastKnownFileType = file.storyboard; name = Base; path = Base.lproj/LaunchScreen.storyboard; sourceTree = "<group>"; };
		1831B35E1BB97CA700ABFD69 /* Info.plist */ = {isa = PBXFileReference; lastKnownFileType = text.plist.xml; path = Info.plist; sourceTree = "<group>"; };
		1831B3641BB97E1900ABFD69 /* RestaurantTableViewController.swift */ = {isa = PBXFileReference; fileEncoding = 4; lastKnownFileType = sourcecode.swift; path = RestaurantTableViewController.swift; sourceTree = "<group>"; };
		1831B3661BB985F600ABFD69 /* RestaurantTableViewCell.swift */ = {isa = PBXFileReference; fileEncoding = 4; lastKnownFileType = sourcecode.swift; path = RestaurantTableViewCell.swift; sourceTree = "<group>"; };
		1831B3681BB9BF0B00ABFD69 /* RestaurantDetailViewController.swift */ = {isa = PBXFileReference; fileEncoding = 4; lastKnownFileType = sourcecode.swift; path = RestaurantDetailViewController.swift; sourceTree = "<group>"; };
		1831B36A1BB9D82F00ABFD69 /* Restaurant.swift */ = {isa = PBXFileReference; fileEncoding = 4; lastKnownFileType = sourcecode.swift; path = Restaurant.swift; sourceTree = "<group>"; };
/* End PBXFileReference section */

/* Begin PBXFrameworksBuildPhase section */
		1831B34C1BB97CA700ABFD69 /* Frameworks */ = {
			isa = PBXFrameworksBuildPhase;
			buildActionMask = 2147483647;
			files = (
			);
			runOnlyForDeploymentPostprocessing = 0;
		};
/* End PBXFrameworksBuildPhase section */

/* Begin PBXGroup section */
		1831B3461BB97CA700ABFD69 = {
			isa = PBXGroup;
			children = (
				1831B3511BB97CA700ABFD69 /* FoodPin */,
				1831B3501BB97CA700ABFD69 /* Products */,
			);
			sourceTree = "<group>";
		};
		1831B3501BB97CA700ABFD69 /* Products */ = {
			isa = PBXGroup;
			children = (
				1831B34F1BB97CA700ABFD69 /* FoodPin.app */,
			);
			name = Products;
			sourceTree = "<group>";
		};
		1831B3511BB97CA700ABFD69 /* FoodPin */ = {
			isa = PBXGroup;
			children = (
				1831B3521BB97CA700ABFD69 /* AppDelegate.swift */,
				1831B3641BB97E1900ABFD69 /* RestaurantTableViewController.swift */,
				1831B3681BB9BF0B00ABFD69 /* RestaurantDetailViewController.swift */,
				1831B36A1BB9D82F00ABFD69 /* Restaurant.swift */,
				1831B3661BB985F600ABFD69 /* RestaurantTableViewCell.swift */,
				1831B3561BB97CA700ABFD69 /* Main.storyboard */,
				1831B3591BB97CA700ABFD69 /* Assets.xcassets */,
				1831B35B1BB97CA700ABFD69 /* LaunchScreen.storyboard */,
				1831B35E1BB97CA700ABFD69 /* Info.plist */,
			);
			path = FoodPin;
			sourceTree = "<group>";
		};
/* End PBXGroup section */

/* Begin PBXNativeTarget section */
		1831B34E1BB97CA700ABFD69 /* FoodPin */ = {
			isa = PBXNativeTarget;
			buildConfigurationList = 1831B3611BB97CA700ABFD69 /* Build configuration list for PBXNativeTarget "FoodPin" */;
			buildPhases = (
				1831B34B1BB97CA700ABFD69 /* Sources */,
				1831B34C1BB97CA700ABFD69 /* Frameworks */,
				1831B34D1BB97CA700ABFD69 /* Resources */,
			);
			buildRules = (
			);
			dependencies = (
			);
			name = FoodPin;
			productName = FoodPin;
			productReference = 1831B34F1BB97CA700ABFD69 /* FoodPin.app */;
			productType = "com.apple.product-type.application";
		};
/* End PBXNativeTarget section */

/* Begin PBXProject section */
		1831B3471BB97CA700ABFD69 /* Project object */ = {
			isa = PBXProject;
			attributes = {
				LastUpgradeCheck = 0700;
				ORGANIZATIONNAME = KobeScript;
				TargetAttributes = {
					1831B34E1BB97CA700ABFD69 = {
						CreatedOnToolsVersion = 7.0;
					};
				};
			};
			buildConfigurationList = 1831B34A1BB97CA700ABFD69 /* Build configuration list for PBXProject "FoodPin" */;
			compatibilityVersion = "Xcode 3.2";
			developmentRegion = English;
			hasScannedForEncodings = 0;
			knownRegions = (
				en,
				Base,
			);
			mainGroup = 1831B3461BB97CA700ABFD69;
			productRefGroup = 1831B3501BB97CA700ABFD69 /* Products */;
			projectDirPath = "";
			projectRoot = "";
			targets = (
				1831B34E1BB97CA700ABFD69 /* FoodPin */,
			);
		};
/* End PBXProject section */

/* Begin PBXResourcesBuildPhase section */
		1831B34D1BB97CA700ABFD69 /* Resources */ = {
			isa = PBXResourcesBuildPhase;
			buildActionMask = 2147483647;
			files = (
				1831B35D1BB97CA700ABFD69 /* LaunchScreen.storyboard in Resources */,
				1831B35A1BB97CA700ABFD69 /* Assets.xcassets in Resources */,
				1831B3581BB97CA700ABFD69 /* Main.storyboard in Resources */,
			);
			runOnlyForDeploymentPostprocessing = 0;
		};
/* End PBXResourcesBuildPhase section */

/* Begin PBXSourcesBuildPhase section */
		1831B34B1BB97CA700ABFD69 /* Sources */ = {
			isa = PBXSourcesBuildPhase;
			buildActionMask = 2147483647;
			files = (
				1831B36B1BB9D82F00ABFD69 /* Restaurant.swift in Sources */,
				1831B3651BB97E1900ABFD69 /* RestaurantTableViewController.swift in Sources */,
				1831B3671BB985F600ABFD69 /* RestaurantTableViewCell.swift in Sources */,
				1831B3691BB9BF0B00ABFD69 /* RestaurantDetailViewController.swift in Sources */,
				1831B3531BB97CA700ABFD69 /* AppDelegate.swift in Sources */,
			);
			runOnlyForDeploymentPostprocessing = 0;
		};
/* End PBXSourcesBuildPhase section */

/* Begin PBXVariantGroup section */
		1831B3561BB97CA700ABFD69 /* Main.storyboard */ = {
			isa = PBXVariantGroup;
			children = (
				1831B3571BB97CA700ABFD69 /* Base */,
			);
			name = Main.storyboard;
			sourceTree = "<group>";
		};
		1831B35B1BB97CA700ABFD69 /* LaunchScreen.storyboard */ = {
			isa = PBXVariantGroup;
			children = (
				1831B35C1BB97CA700ABFD69 /* Base */,
			);
			name = LaunchScreen.storyboard;
			sourceTree = "<group>";
		};
/* End PBXVariantGroup section */

/* Begin XCBuildConfiguration section */
		1831B35F1BB97CA700ABFD69 /* Debug */ = {
			isa = XCBuildConfiguration;
			buildSettings = {
				ALWAYS_SEARCH_USER_PATHS = NO;
				CLANG_CXX_LANGUAGE_STANDARD = "gnu++0x";
				CLANG_CXX_LIBRARY = "libc++";
				CLANG_ENABLE_MODULES = YES;
				CLANG_ENABLE_OBJC_ARC = YES;
				CLANG_WARN_BOOL_CONVERSION = YES;
				CLANG_WARN_CONSTANT_CONVERSION = YES;
				CLANG_WARN_DIRECT_OBJC_ISA_USAGE = YES_ERROR;
				CLANG_WARN_EMPTY_BODY = YES;
				CLANG_WARN_ENUM_CONVERSION = YES;
				CLANG_WARN_INT_CONVERSION = YES;
				CLANG_WARN_OBJC_ROOT_CLASS = YES_ERROR;
				CLANG_WARN_UNREACHABLE_CODE = YES;
				CLANG_WARN__DUPLICATE_METHOD_MATCH = YES;
				"CODE_SIGN_IDENTITY[sdk=iphoneos*]" = "iPhone Developer";
				COPY_PHASE_STRIP = NO;
				DEBUG_INFORMATION_FORMAT = dwarf;
				ENABLE_STRICT_OBJC_MSGSEND = YES;
				ENABLE_TESTABILITY = YES;
				GCC_C_LANGUAGE_STANDARD = gnu99;
				GCC_DYNAMIC_NO_PIC = NO;
				GCC_NO_COMMON_BLOCKS = YES;
				GCC_OPTIMIZATION_LEVEL = 0;
				GCC_PREPROCESSOR_DEFINITIONS = (
					"DEBUG=1",
					"$(inherited)",
				);
				GCC_WARN_64_TO_32_BIT_CONVERSION = YES;
				GCC_WARN_ABOUT_RETURN_TYPE = YES_ERROR;
				GCC_WARN_UNDECLARED_SELECTOR = YES;
				GCC_WARN_UNINITIALIZED_AUTOS = YES_AGGRESSIVE;
				GCC_WARN_UNUSED_FUNCTION = YES;
				GCC_WARN_UNUSED_VARIABLE = YES;
				IPHONEOS_DEPLOYMENT_TARGET = 9.0;
				MTL_ENABLE_DEBUG_INFO = YES;
				ONLY_ACTIVE_ARCH = YES;
				SDKROOT = iphoneos;
				SWIFT_OPTIMIZATION_LEVEL = "-Onone";
			};
			name = Debug;
		};
		1831B3601BB97CA700ABFD69 /* Release */ = {
			isa = XCBuildConfiguration;
			buildSettings = {
				ALWAYS_SEARCH_USER_PATHS = NO;
				CLANG_CXX_LANGUAGE_STANDARD = "gnu++0x";
				CLANG_CXX_LIBRARY = "libc++";
				CLANG_ENABLE_MODULES = YES;
				CLANG_ENABLE_OBJC_ARC = YES;
				CLANG_WARN_BOOL_CONVERSION = YES;
				CLANG_WARN_CONSTANT_CONVERSION = YES;
				CLANG_WARN_DIRECT_OBJC_ISA_USAGE = YES_ERROR;
				CLANG_WARN_EMPTY_BODY = YES;
				CLANG_WARN_ENUM_CONVERSION = YES;
				CLANG_WARN_INT_CONVERSION = YES;
				CLANG_WARN_OBJC_ROOT_CLASS = YES_ERROR;
				CLANG_WARN_UNREACHABLE_CODE = YES;
				CLANG_WARN__DUPLICATE_METHOD_MATCH = YES;
				"CODE_SIGN_IDENTITY[sdk=iphoneos*]" = "iPhone Developer";
				COPY_PHASE_STRIP = NO;
				DEBUG_INFORMATION_FORMAT = "dwarf-with-dsym";
				ENABLE_NS_ASSERTIONS = NO;
				ENABLE_STRICT_OBJC_MSGSEND = YES;
				GCC_C_LANGUAGE_STANDARD = gnu99;
				GCC_NO_COMMON_BLOCKS = YES;
				GCC_WARN_64_TO_32_BIT_CONVERSION = YES;
				GCC_WARN_ABOUT_RETURN_TYPE = YES_ERROR;
				GCC_WARN_UNDECLARED_SELECTOR = YES;
				GCC_WARN_UNINITIALIZED_AUTOS = YES_AGGRESSIVE;
				GCC_WARN_UNUSED_FUNCTION = YES;
				GCC_WARN_UNUSED_VARIABLE = YES;
				IPHONEOS_DEPLOYMENT_TARGET = 9.0;
				MTL_ENABLE_DEBUG_INFO = NO;
				SDKROOT = iphoneos;
				VALIDATE_PRODUCT = YES;
			};
			name = Release;
		};
		1831B3621BB97CA700ABFD69 /* Debug */ = {
			isa = XCBuildConfiguration;
			buildSettings = {
				ASSETCATALOG_COMPILER_APPICON_NAME = AppIcon;
				INFOPLIST_FILE = FoodPin/Info.plist;
				LD_RUNPATH_SEARCH_PATHS = "$(inherited) @executable_path/Frameworks";
				PRODUCT_BUNDLE_IDENTIFIER = com.kobescript.FoodPin;
				PRODUCT_NAME = "$(TARGET_NAME)";
			};
			name = Debug;
		};
		1831B3631BB97CA700ABFD69 /* Release */ = {
			isa = XCBuildConfiguration;
			buildSettings = {
				ASSETCATALOG_COMPILER_APPICON_NAME = AppIcon;
				INFOPLIST_FILE = FoodPin/Info.plist;
				LD_RUNPATH_SEARCH_PATHS = "$(inherited) @executable_path/Frameworks";
				PRODUCT_BUNDLE_IDENTIFIER = com.kobescript.FoodPin;
				PRODUCT_NAME = "$(TARGET_NAME)";
			};
			name = Release;
		};
/* End XCBuildConfiguration section */

/* Begin XCConfigurationList section */
		1831B34A1BB97CA700ABFD69 /* Build configuration list for PBXProject "FoodPin" */ = {
			isa = XCConfigurationList;
			buildConfigurations = (
				1831B35F1BB97CA700ABFD69 /* Debug */,
				1831B3601BB97CA700ABFD69 /* Release */,
			);
			defaultConfigurationIsVisible = 0;
			defaultConfigurationName = Release;
		};
		1831B3611BB97CA700ABFD69 /* Build configuration list for PBXNativeTarget "FoodPin" */ = {
			isa = XCConfigurationList;
			buildConfigurations = (
				1831B3621BB97CA700ABFD69 /* Debug */,
				1831B3631BB97CA700ABFD69 /* Release */,
			);
			defaultConfigurationIsVisible = 0;
		};
/* End XCConfigurationList section */
	};
	rootObject = 1831B3471BB97CA700ABFD69 /* Project object */;
}
