// !$*UTF8*$!
{
	archiveVersion = 1;
	classes = {
	};
	objectVersion = 46;
	objects = {

/* Begin PBXBuildFile section */
		1800A6E01C4DF33100D6BCE2 /* GMDCircleLoader.m in Sources */ = {isa = PBXBuildFile; fileRef = 1800A6DF1C4DF33100D6BCE2 /* GMDCircleLoader.m */; };
		1800A6E31C4DF37F00D6BCE2 /* CoreGraphics.framework in Frameworks */ = {isa = PBXBuildFile; fileRef = 1800A6E21C4DF37F00D6BCE2 /* CoreGraphics.framework */; };
		1800A6E51C4DF38C00D6BCE2 /* QuartzCore.framework in Frameworks */ = {isa = PBXBuildFile; fileRef = 1800A6E41C4DF38C00D6BCE2 /* QuartzCore.framework */; };
		1800A6E71C4DF39B00D6BCE2 /* UIKit.framework in Frameworks */ = {isa = PBXBuildFile; fileRef = 1800A6E61C4DF39B00D6BCE2 /* UIKit.framework */; };
		1800A6E91C4DF3A200D6BCE2 /* Foundation.framework in Frameworks */ = {isa = PBXBuildFile; fileRef = 1800A6E81C4DF3A200D6BCE2 /* Foundation.framework */; };
		180F32AD1C4CD42B00929F53 /* IndeedJob.swift in Sources */ = {isa = PBXBuildFile; fileRef = 180F32AC1C4CD42B00929F53 /* IndeedJob.swift */; };
		180F32B01C4CD65C00929F53 /* IndeedJobDetail.swift in Sources */ = {isa = PBXBuildFile; fileRef = 180F32AF1C4CD65C00929F53 /* IndeedJobDetail.swift */; };
		18428C111C2DFFDB00C4CAF1 /* Favorite.swift in Sources */ = {isa = PBXBuildFile; fileRef = 18428C101C2DFFDB00C4CAF1 /* Favorite.swift */; };
		18428C131C2E073A00C4CAF1 /* FavoriteDetail.swift in Sources */ = {isa = PBXBuildFile; fileRef = 18428C121C2E073A00C4CAF1 /* FavoriteDetail.swift */; };
		18428C151C2E082100C4CAF1 /* FavoriteHelper.swift in Sources */ = {isa = PBXBuildFile; fileRef = 18428C141C2E082100C4CAF1 /* FavoriteHelper.swift */; };
		18428C171C2E206A00C4CAF1 /* FavoriteDetailHelper.swift in Sources */ = {isa = PBXBuildFile; fileRef = 18428C161C2E206A00C4CAF1 /* FavoriteDetailHelper.swift */; };
		18428C191C2ED27C00C4CAF1 /* FavoriteTableViewController.swift in Sources */ = {isa = PBXBuildFile; fileRef = 18428C181C2ED27C00C4CAF1 /* FavoriteTableViewController.swift */; };
		18428C1B1C2F2C9200C4CAF1 /* BaseTableViewCell.swift in Sources */ = {isa = PBXBuildFile; fileRef = 18428C1A1C2F2C9200C4CAF1 /* BaseTableViewCell.swift */; };
		18428C1D1C35CE7100C4CAF1 /* H1BCompany.swift in Sources */ = {isa = PBXBuildFile; fileRef = 18428C1C1C35CE7100C4CAF1 /* H1BCompany.swift */; };
		18428C1F1C35DC0800C4CAF1 /* UIImage+Utils.swift in Sources */ = {isa = PBXBuildFile; fileRef = 18428C1E1C35DC0800C4CAF1 /* UIImage+Utils.swift */; };
		18428C211C37B3E500C4CAF1 /* UIImageView+Utils.swift in Sources */ = {isa = PBXBuildFile; fileRef = 18428C201C37B3E500C4CAF1 /* UIImageView+Utils.swift */; };
		18428C231C38C24400C4CAF1 /* ImageLoader.swift in Sources */ = {isa = PBXBuildFile; fileRef = 18428C221C38C24400C4CAF1 /* ImageLoader.swift */; };
		18428C251C39569500C4CAF1 /* JobWebViewControler.swift in Sources */ = {isa = PBXBuildFile; fileRef = 18428C241C39569500C4CAF1 /* JobWebViewControler.swift */; };
		186A60051C537B5E005A2E07 /* ErrorView.swift in Sources */ = {isa = PBXBuildFile; fileRef = 186A60031C537B5E005A2E07 /* ErrorView.swift */; };
		186A60061C537B5E005A2E07 /* ErrorView.xib in Resources */ = {isa = PBXBuildFile; fileRef = 186A60041C537B5E005A2E07 /* ErrorView.xib */; };
		186A60081C53F46E005A2E07 /* SaveView.xib in Resources */ = {isa = PBXBuildFile; fileRef = 186A60071C53F46E005A2E07 /* SaveView.xib */; };
		186A600A1C53F75C005A2E07 /* SaveView.swift in Sources */ = {isa = PBXBuildFile; fileRef = 186A60091C53F75C005A2E07 /* SaveView.swift */; };
		187E6B341C42FEFB00241486 /* AboutTableViewController.swift in Sources */ = {isa = PBXBuildFile; fileRef = 187E6B331C42FEFB00241486 /* AboutTableViewController.swift */; };
		187E72181C430DE700D458AB /* JobSocialMedia.swift in Sources */ = {isa = PBXBuildFile; fileRef = 187E72171C430DE700D458AB /* JobSocialMedia.swift */; };
		1886EB601C25F92A00134016 /* Database.swift in Sources */ = {isa = PBXBuildFile; fileRef = 1886EB5F1C25F92A00134016 /* Database.swift */; };
		1886EB621C25FB3000134016 /* SQLite.framework in Frameworks */ = {isa = PBXBuildFile; fileRef = 1886EB611C25FB3000134016 /* SQLite.framework */; };
		1886EB641C25FB4100134016 /* libsqlite3.tbd in Frameworks */ = {isa = PBXBuildFile; fileRef = 1886EB631C25FB4100134016 /* libsqlite3.tbd */; };
		1886EB671C27051F00134016 /* SQLiteDataStore.swift in Sources */ = {isa = PBXBuildFile; fileRef = 1886EB661C27051F00134016 /* SQLiteDataStore.swift */; };
		1886EB691C27075C00134016 /* HistoryHelper.swift in Sources */ = {isa = PBXBuildFile; fileRef = 1886EB681C27075C00134016 /* HistoryHelper.swift */; };
		1886EB6B1C27089100134016 /* DataHelperProtocol.swift in Sources */ = {isa = PBXBuildFile; fileRef = 1886EB6A1C27089100134016 /* DataHelperProtocol.swift */; };
		1886EB6D1C27096700134016 /* History.swift in Sources */ = {isa = PBXBuildFile; fileRef = 1886EB6C1C27096700134016 /* History.swift */; };
		1894FFB61C1FD4AF000EBE18 /* HistoryTableViewController.swift in Sources */ = {isa = PBXBuildFile; fileRef = 1894FFB51C1FD4AF000EBE18 /* HistoryTableViewController.swift */; };
		1894FFB81C1FD628000EBE18 /* HistoryTableViewCell.swift in Sources */ = {isa = PBXBuildFile; fileRef = 1894FFB71C1FD628000EBE18 /* HistoryTableViewCell.swift */; };
		18AB2EC91C040701002C3484 /* AppDelegate.swift in Sources */ = {isa = PBXBuildFile; fileRef = 18AB2EC81C040701002C3484 /* AppDelegate.swift */; };
		18AB2ED01C040701002C3484 /* Main.storyboard in Resources */ = {isa = PBXBuildFile; fileRef = 18AB2ECE1C040701002C3484 /* Main.storyboard */; };
		18AB2ED21C040701002C3484 /* Assets.xcassets in Resources */ = {isa = PBXBuildFile; fileRef = 18AB2ED11C040701002C3484 /* Assets.xcassets */; };
		18AB2ED51C040701002C3484 /* LaunchScreen.storyboard in Resources */ = {isa = PBXBuildFile; fileRef = 18AB2ED31C040701002C3484 /* LaunchScreen.storyboard */; };
		18AB2EDD1C04072A002C3484 /* DiceJob.swift in Sources */ = {isa = PBXBuildFile; fileRef = 18AB2EDC1C04072A002C3484 /* DiceJob.swift */; };
		18AB2EDF1C040746002C3484 /* JobSearchViewController.swift in Sources */ = {isa = PBXBuildFile; fileRef = 18AB2EDE1C040746002C3484 /* JobSearchViewController.swift */; };
		18AB2EE31C061FD5002C3484 /* String+Utils.swift in Sources */ = {isa = PBXBuildFile; fileRef = 18AB2EE21C061FD5002C3484 /* String+Utils.swift */; };
		18AB2EE71C063F4D002C3484 /* JobUtils.swift in Sources */ = {isa = PBXBuildFile; fileRef = 18AB2EE61C063F4D002C3484 /* JobUtils.swift */; };
		18AB2EE91C06651C002C3484 /* DiceJobDetail.swift in Sources */ = {isa = PBXBuildFile; fileRef = 18AB2EE81C06651C002C3484 /* DiceJobDetail.swift */; };
		18AB2EEB1C0799BD002C3484 /* Job.swift in Sources */ = {isa = PBXBuildFile; fileRef = 18AB2EEA1C0799BD002C3484 /* Job.swift */; };
		18AB2EED1C07B5AA002C3484 /* CBJob.swift in Sources */ = {isa = PBXBuildFile; fileRef = 18AB2EEC1C07B5AA002C3484 /* CBJob.swift */; };
		18AB2EEF1C07C529002C3484 /* CBJobResponse.swift in Sources */ = {isa = PBXBuildFile; fileRef = 18AB2EEE1C07C529002C3484 /* CBJobResponse.swift */; };
		18AB2EF11C07F764002C3484 /* CBJobDetail.swift in Sources */ = {isa = PBXBuildFile; fileRef = 18AB2EF01C07F764002C3484 /* CBJobDetail.swift */; };
		18AB2EF71C093100002C3484 /* UIColor+Utils.swift in Sources */ = {isa = PBXBuildFile; fileRef = 18AB2EF61C093100002C3484 /* UIColor+Utils.swift */; };
		18AB2EF91C09B05C002C3484 /* SearchResultsViewController.swift in Sources */ = {isa = PBXBuildFile; fileRef = 18AB2EF81C09B05C002C3484 /* SearchResultsViewController.swift */; };
		18AB2EFB1C09CF9B002C3484 /* H1BJob.swift in Sources */ = {isa = PBXBuildFile; fileRef = 18AB2EFA1C09CF9B002C3484 /* H1BJob.swift */; };
		18AB2EFD1C0A31C9002C3484 /* NSDate+Formatter.swift in Sources */ = {isa = PBXBuildFile; fileRef = 18AB2EFC1C0A31C9002C3484 /* NSDate+Formatter.swift */; };
		18AB2F021C0A5C82002C3484 /* ResultsTableViewCell.swift in Sources */ = {isa = PBXBuildFile; fileRef = 18AB2F011C0A5C82002C3484 /* ResultsTableViewCell.swift */; };
		18BFBA141C4372A700EBB2F9 /* ImageViewWithGradient.swift in Sources */ = {isa = PBXBuildFile; fileRef = 18BFBA131C4372A700EBB2F9 /* ImageViewWithGradient.swift */; };
		18F6B9C41C4988980033E2FB /* WalkthroughContentViewController.swift in Sources */ = {isa = PBXBuildFile; fileRef = 18F6B9C31C4988980033E2FB /* WalkthroughContentViewController.swift */; };
		18F6B9C61C498BFC0033E2FB /* WalkthroughPageViewController.swift in Sources */ = {isa = PBXBuildFile; fileRef = 18F6B9C51C498BFC0033E2FB /* WalkthroughPageViewController.swift */; };
		18F6B9C81C498E330033E2FB /* WalkthroughPage.swift in Sources */ = {isa = PBXBuildFile; fileRef = 18F6B9C71C498E330033E2FB /* WalkthroughPage.swift */; };
		18F6B9D91C4AADBA0033E2FB /* UIImage+animatedGIF.m in Sources */ = {isa = PBXBuildFile; fileRef = 18F6B9D81C4AADBA0033E2FB /* UIImage+animatedGIF.m */; };
		18F6B9DC1C4C84E70033E2FB /* LinkupJob.swift in Sources */ = {isa = PBXBuildFile; fileRef = 18F6B9DB1C4C84E70033E2FB /* LinkupJob.swift */; };
		18F6B9DF1C4C86EF0033E2FB /* LinkupJobDetail.swift in Sources */ = {isa = PBXBuildFile; fileRef = 18F6B9DE1C4C86EF0033E2FB /* LinkupJobDetail.swift */; };
		7E0828DAE2CDF0ED3CD0A816 /* Pods.framework in Frameworks */ = {isa = PBXBuildFile; fileRef = 6B48F45D284830D6B91B1A87 /* Pods.framework */; };
		A865021B1C5D7D420002CC13 /* GoogleService-Info.plist in Resources */ = {isa = PBXBuildFile; fileRef = A865021A1C5D7D420002CC13 /* GoogleService-Info.plist */; };
/* End PBXBuildFile section */

/* Begin PBXFileReference section */
		02B0BA33CFC6A136B3B97865 /* Pods.debug.xcconfig */ = {isa = PBXFileReference; includeInIndex = 1; lastKnownFileType = text.xcconfig; name = Pods.debug.xcconfig; path = "Pods/Target Support Files/Pods/Pods.debug.xcconfig"; sourceTree = "<group>"; };
		1800A6DE1C4DF33100D6BCE2 /* GMDCircleLoader.h */ = {isa = PBXFileReference; fileEncoding = 4; lastKnownFileType = sourcecode.c.h; path = GMDCircleLoader.h; sourceTree = "<group>"; };
		1800A6DF1C4DF33100D6BCE2 /* GMDCircleLoader.m */ = {isa = PBXFileReference; fileEncoding = 4; lastKnownFileType = sourcecode.c.objc; path = GMDCircleLoader.m; sourceTree = "<group>"; };
		1800A6E21C4DF37F00D6BCE2 /* CoreGraphics.framework */ = {isa = PBXFileReference; lastKnownFileType = wrapper.framework; name = CoreGraphics.framework; path = System/Library/Frameworks/CoreGraphics.framework; sourceTree = SDKROOT; };
		1800A6E41C4DF38C00D6BCE2 /* QuartzCore.framework */ = {isa = PBXFileReference; lastKnownFileType = wrapper.framework; name = QuartzCore.framework; path = System/Library/Frameworks/QuartzCore.framework; sourceTree = SDKROOT; };
		1800A6E61C4DF39B00D6BCE2 /* UIKit.framework */ = {isa = PBXFileReference; lastKnownFileType = wrapper.framework; name = UIKit.framework; path = System/Library/Frameworks/UIKit.framework; sourceTree = SDKROOT; };
		1800A6E81C4DF3A200D6BCE2 /* Foundation.framework */ = {isa = PBXFileReference; lastKnownFileType = wrapper.framework; name = Foundation.framework; path = System/Library/Frameworks/Foundation.framework; sourceTree = SDKROOT; };
		180F32AC1C4CD42B00929F53 /* IndeedJob.swift */ = {isa = PBXFileReference; fileEncoding = 4; lastKnownFileType = sourcecode.swift; path = IndeedJob.swift; sourceTree = "<group>"; };
		180F32AF1C4CD65C00929F53 /* IndeedJobDetail.swift */ = {isa = PBXFileReference; fileEncoding = 4; lastKnownFileType = sourcecode.swift; path = IndeedJobDetail.swift; sourceTree = "<group>"; };
		18428C101C2DFFDB00C4CAF1 /* Favorite.swift */ = {isa = PBXFileReference; fileEncoding = 4; lastKnownFileType = sourcecode.swift; name = Favorite.swift; path = Utilities/Database/Favorite.swift; sourceTree = "<group>"; };
		18428C121C2E073A00C4CAF1 /* FavoriteDetail.swift */ = {isa = PBXFileReference; fileEncoding = 4; lastKnownFileType = sourcecode.swift; name = FavoriteDetail.swift; path = Utilities/Database/FavoriteDetail.swift; sourceTree = "<group>"; };
		18428C141C2E082100C4CAF1 /* FavoriteHelper.swift */ = {isa = PBXFileReference; fileEncoding = 4; lastKnownFileType = sourcecode.swift; path = FavoriteHelper.swift; sourceTree = "<group>"; };
		18428C161C2E206A00C4CAF1 /* FavoriteDetailHelper.swift */ = {isa = PBXFileReference; fileEncoding = 4; lastKnownFileType = sourcecode.swift; name = FavoriteDetailHelper.swift; path = Utilities/Database/FavoriteDetailHelper.swift; sourceTree = "<group>"; };
		18428C181C2ED27C00C4CAF1 /* FavoriteTableViewController.swift */ = {isa = PBXFileReference; fileEncoding = 4; lastKnownFileType = sourcecode.swift; path = FavoriteTableViewController.swift; sourceTree = "<group>"; };
		18428C1A1C2F2C9200C4CAF1 /* BaseTableViewCell.swift */ = {isa = PBXFileReference; fileEncoding = 4; lastKnownFileType = sourcecode.swift; path = BaseTableViewCell.swift; sourceTree = "<group>"; };
		18428C1C1C35CE7100C4CAF1 /* H1BCompany.swift */ = {isa = PBXFileReference; fileEncoding = 4; lastKnownFileType = sourcecode.swift; path = H1BCompany.swift; sourceTree = "<group>"; };
		18428C1E1C35DC0800C4CAF1 /* UIImage+Utils.swift */ = {isa = PBXFileReference; fileEncoding = 4; lastKnownFileType = sourcecode.swift; name = "UIImage+Utils.swift"; path = "Utilities/UIImage+Utils.swift"; sourceTree = "<group>"; };
		18428C201C37B3E500C4CAF1 /* UIImageView+Utils.swift */ = {isa = PBXFileReference; fileEncoding = 4; lastKnownFileType = sourcecode.swift; name = "UIImageView+Utils.swift"; path = "Utilities/UIImageView+Utils.swift"; sourceTree = "<group>"; };
		18428C221C38C24400C4CAF1 /* ImageLoader.swift */ = {isa = PBXFileReference; fileEncoding = 4; lastKnownFileType = sourcecode.swift; name = ImageLoader.swift; path = Utilities/ImageLoader.swift; sourceTree = "<group>"; };
		18428C241C39569500C4CAF1 /* JobWebViewControler.swift */ = {isa = PBXFileReference; fileEncoding = 4; lastKnownFileType = sourcecode.swift; path = JobWebViewControler.swift; sourceTree = "<group>"; };
		186A60031C537B5E005A2E07 /* ErrorView.swift */ = {isa = PBXFileReference; fileEncoding = 4; lastKnownFileType = sourcecode.swift; path = ErrorView.swift; sourceTree = "<group>"; };
		186A60041C537B5E005A2E07 /* ErrorView.xib */ = {isa = PBXFileReference; fileEncoding = 4; lastKnownFileType = file.xib; path = ErrorView.xib; sourceTree = "<group>"; };
		186A60071C53F46E005A2E07 /* SaveView.xib */ = {isa = PBXFileReference; fileEncoding = 4; lastKnownFileType = file.xib; path = SaveView.xib; sourceTree = "<group>"; };
		186A60091C53F75C005A2E07 /* SaveView.swift */ = {isa = PBXFileReference; fileEncoding = 4; lastKnownFileType = sourcecode.swift; path = SaveView.swift; sourceTree = "<group>"; };
		187E6B331C42FEFB00241486 /* AboutTableViewController.swift */ = {isa = PBXFileReference; fileEncoding = 4; lastKnownFileType = sourcecode.swift; path = AboutTableViewController.swift; sourceTree = "<group>"; };
		187E72171C430DE700D458AB /* JobSocialMedia.swift */ = {isa = PBXFileReference; fileEncoding = 4; lastKnownFileType = sourcecode.swift; path = JobSocialMedia.swift; sourceTree = "<group>"; };
		1886EB5F1C25F92A00134016 /* Database.swift */ = {isa = PBXFileReference; fileEncoding = 4; lastKnownFileType = sourcecode.swift; name = Database.swift; path = Utilities/Database.swift; sourceTree = "<group>"; };
		1886EB611C25FB3000134016 /* SQLite.framework */ = {isa = PBXFileReference; lastKnownFileType = wrapper.framework; name = SQLite.framework; path = "Pods/../build/Debug-iphoneos/SQLite.framework"; sourceTree = "<group>"; };
		1886EB631C25FB4100134016 /* libsqlite3.tbd */ = {isa = PBXFileReference; lastKnownFileType = "sourcecode.text-based-dylib-definition"; name = libsqlite3.tbd; path = usr/lib/libsqlite3.tbd; sourceTree = SDKROOT; };
		1886EB661C27051F00134016 /* SQLiteDataStore.swift */ = {isa = PBXFileReference; fileEncoding = 4; lastKnownFileType = sourcecode.swift; name = SQLiteDataStore.swift; path = Utilities/Database/SQLiteDataStore.swift; sourceTree = "<group>"; };
		1886EB681C27075C00134016 /* HistoryHelper.swift */ = {isa = PBXFileReference; fileEncoding = 4; lastKnownFileType = sourcecode.swift; name = HistoryHelper.swift; path = Utilities/Database/HistoryHelper.swift; sourceTree = "<group>"; };
		1886EB6A1C27089100134016 /* DataHelperProtocol.swift */ = {isa = PBXFileReference; fileEncoding = 4; lastKnownFileType = sourcecode.swift; name = DataHelperProtocol.swift; path = Utilities/Database/DataHelperProtocol.swift; sourceTree = "<group>"; };
		1886EB6C1C27096700134016 /* History.swift */ = {isa = PBXFileReference; fileEncoding = 4; lastKnownFileType = sourcecode.swift; name = History.swift; path = Utilities/Database/History.swift; sourceTree = "<group>"; };
		1894FFB51C1FD4AF000EBE18 /* HistoryTableViewController.swift */ = {isa = PBXFileReference; fileEncoding = 4; lastKnownFileType = sourcecode.swift; path = HistoryTableViewController.swift; sourceTree = "<group>"; };
		1894FFB71C1FD628000EBE18 /* HistoryTableViewCell.swift */ = {isa = PBXFileReference; fileEncoding = 4; lastKnownFileType = sourcecode.swift; path = HistoryTableViewCell.swift; sourceTree = "<group>"; };
		18AB2EC51C040701002C3484 /* H1BJobs.app */ = {isa = PBXFileReference; explicitFileType = wrapper.application; includeInIndex = 0; path = H1BJobs.app; sourceTree = BUILT_PRODUCTS_DIR; };
		18AB2EC81C040701002C3484 /* AppDelegate.swift */ = {isa = PBXFileReference; lastKnownFileType = sourcecode.swift; path = AppDelegate.swift; sourceTree = "<group>"; };
		18AB2ECF1C040701002C3484 /* Base */ = {isa = PBXFileReference; lastKnownFileType = file.storyboard; name = Base; path = Base.lproj/Main.storyboard; sourceTree = "<group>"; };
		18AB2ED11C040701002C3484 /* Assets.xcassets */ = {isa = PBXFileReference; lastKnownFileType = folder.assetcatalog; path = Assets.xcassets; sourceTree = "<group>"; };
		18AB2ED41C040701002C3484 /* Base */ = {isa = PBXFileReference; lastKnownFileType = file.storyboard; name = Base; path = Base.lproj/LaunchScreen.storyboard; sourceTree = "<group>"; };
		18AB2ED61C040701002C3484 /* Info.plist */ = {isa = PBXFileReference; lastKnownFileType = text.plist.xml; path = Info.plist; sourceTree = "<group>"; };
		18AB2EDC1C04072A002C3484 /* DiceJob.swift */ = {isa = PBXFileReference; fileEncoding = 4; lastKnownFileType = sourcecode.swift; path = DiceJob.swift; sourceTree = "<group>"; };
		18AB2EDE1C040746002C3484 /* JobSearchViewController.swift */ = {isa = PBXFileReference; fileEncoding = 4; lastKnownFileType = sourcecode.swift; path = JobSearchViewController.swift; sourceTree = "<group>"; };
		18AB2EE21C061FD5002C3484 /* String+Utils.swift */ = {isa = PBXFileReference; fileEncoding = 4; lastKnownFileType = sourcecode.swift; name = "String+Utils.swift"; path = "Utilities/String+Utils.swift"; sourceTree = "<group>"; };
		18AB2EE61C063F4D002C3484 /* JobUtils.swift */ = {isa = PBXFileReference; fileEncoding = 4; lastKnownFileType = sourcecode.swift; name = JobUtils.swift; path = Utilities/JobUtils.swift; sourceTree = "<group>"; };
		18AB2EE81C06651C002C3484 /* DiceJobDetail.swift */ = {isa = PBXFileReference; fileEncoding = 4; lastKnownFileType = sourcecode.swift; path = DiceJobDetail.swift; sourceTree = "<group>"; };
		18AB2EEA1C0799BD002C3484 /* Job.swift */ = {isa = PBXFileReference; fileEncoding = 4; lastKnownFileType = sourcecode.swift; path = Job.swift; sourceTree = "<group>"; };
		18AB2EEC1C07B5AA002C3484 /* CBJob.swift */ = {isa = PBXFileReference; fileEncoding = 4; lastKnownFileType = sourcecode.swift; path = CBJob.swift; sourceTree = "<group>"; };
		18AB2EEE1C07C529002C3484 /* CBJobResponse.swift */ = {isa = PBXFileReference; fileEncoding = 4; lastKnownFileType = sourcecode.swift; path = CBJobResponse.swift; sourceTree = "<group>"; };
		18AB2EF01C07F764002C3484 /* CBJobDetail.swift */ = {isa = PBXFileReference; fileEncoding = 4; lastKnownFileType = sourcecode.swift; path = CBJobDetail.swift; sourceTree = "<group>"; };
		18AB2EF61C093100002C3484 /* UIColor+Utils.swift */ = {isa = PBXFileReference; fileEncoding = 4; lastKnownFileType = sourcecode.swift; path = "UIColor+Utils.swift"; sourceTree = "<group>"; };
		18AB2EF81C09B05C002C3484 /* SearchResultsViewController.swift */ = {isa = PBXFileReference; fileEncoding = 4; lastKnownFileType = sourcecode.swift; path = SearchResultsViewController.swift; sourceTree = "<group>"; };
		18AB2EFA1C09CF9B002C3484 /* H1BJob.swift */ = {isa = PBXFileReference; fileEncoding = 4; lastKnownFileType = sourcecode.swift; path = H1BJob.swift; sourceTree = "<group>"; };
		18AB2EFC1C0A31C9002C3484 /* NSDate+Formatter.swift */ = {isa = PBXFileReference; fileEncoding = 4; lastKnownFileType = sourcecode.swift; path = "NSDate+Formatter.swift"; sourceTree = "<group>"; };
		18AB2F011C0A5C82002C3484 /* ResultsTableViewCell.swift */ = {isa = PBXFileReference; fileEncoding = 4; lastKnownFileType = sourcecode.swift; path = ResultsTableViewCell.swift; sourceTree = "<group>"; };
		18BFBA131C4372A700EBB2F9 /* ImageViewWithGradient.swift */ = {isa = PBXFileReference; fileEncoding = 4; lastKnownFileType = sourcecode.swift; name = ImageViewWithGradient.swift; path = Utilities/ImageViewWithGradient.swift; sourceTree = "<group>"; };
		18DD3F2D1C48A15600FBC68B /* H1BJobs-Bridging-Header.h */ = {isa = PBXFileReference; fileEncoding = 4; lastKnownFileType = sourcecode.c.h; path = "H1BJobs-Bridging-Header.h"; sourceTree = "<group>"; };
		18F6B9C31C4988980033E2FB /* WalkthroughContentViewController.swift */ = {isa = PBXFileReference; fileEncoding = 4; lastKnownFileType = sourcecode.swift; path = WalkthroughContentViewController.swift; sourceTree = "<group>"; };
		18F6B9C51C498BFC0033E2FB /* WalkthroughPageViewController.swift */ = {isa = PBXFileReference; fileEncoding = 4; lastKnownFileType = sourcecode.swift; path = WalkthroughPageViewController.swift; sourceTree = "<group>"; };
		18F6B9C71C498E330033E2FB /* WalkthroughPage.swift */ = {isa = PBXFileReference; fileEncoding = 4; lastKnownFileType = sourcecode.swift; name = WalkthroughPage.swift; path = Utilities/WalkthroughPage.swift; sourceTree = "<group>"; };
		18F6B9D71C4AADBA0033E2FB /* UIImage+animatedGIF.h */ = {isa = PBXFileReference; fileEncoding = 4; lastKnownFileType = sourcecode.c.h; path = "UIImage+animatedGIF.h"; sourceTree = "<group>"; };
		18F6B9D81C4AADBA0033E2FB /* UIImage+animatedGIF.m */ = {isa = PBXFileReference; fileEncoding = 4; lastKnownFileType = sourcecode.c.objc; path = "UIImage+animatedGIF.m"; sourceTree = "<group>"; };
		18F6B9DB1C4C84E70033E2FB /* LinkupJob.swift */ = {isa = PBXFileReference; fileEncoding = 4; lastKnownFileType = sourcecode.swift; path = LinkupJob.swift; sourceTree = "<group>"; };
		18F6B9DE1C4C86EF0033E2FB /* LinkupJobDetail.swift */ = {isa = PBXFileReference; fileEncoding = 4; lastKnownFileType = sourcecode.swift; path = LinkupJobDetail.swift; sourceTree = "<group>"; };
		1FF70E88760F2F5F91381D20 /* Pods.release.xcconfig */ = {isa = PBXFileReference; includeInIndex = 1; lastKnownFileType = text.xcconfig; name = Pods.release.xcconfig; path = "Pods/Target Support Files/Pods/Pods.release.xcconfig"; sourceTree = "<group>"; };
		6B48F45D284830D6B91B1A87 /* Pods.framework */ = {isa = PBXFileReference; explicitFileType = wrapper.framework; includeInIndex = 0; path = Pods.framework; sourceTree = BUILT_PRODUCTS_DIR; };
		A865021A1C5D7D420002CC13 /* GoogleService-Info.plist */ = {isa = PBXFileReference; fileEncoding = 4; lastKnownFileType = text.plist.xml; path = "GoogleService-Info.plist"; sourceTree = "<group>"; };
/* End PBXFileReference section */

/* Begin PBXFrameworksBuildPhase section */
		18AB2EC21C040701002C3484 /* Frameworks */ = {
			isa = PBXFrameworksBuildPhase;
			buildActionMask = 2147483647;
			files = (
				1800A6E91C4DF3A200D6BCE2 /* Foundation.framework in Frameworks */,
				1800A6E71C4DF39B00D6BCE2 /* UIKit.framework in Frameworks */,
				1800A6E51C4DF38C00D6BCE2 /* QuartzCore.framework in Frameworks */,
				1800A6E31C4DF37F00D6BCE2 /* CoreGraphics.framework in Frameworks */,
				1886EB641C25FB4100134016 /* libsqlite3.tbd in Frameworks */,
				1886EB621C25FB3000134016 /* SQLite.framework in Frameworks */,
				7E0828DAE2CDF0ED3CD0A816 /* Pods.framework in Frameworks */,
			);
			runOnlyForDeploymentPostprocessing = 0;
		};
/* End PBXFrameworksBuildPhase section */

/* Begin PBXGroup section */
		1800A6E11C4DF33900D6BCE2 /* GMDCircleLoader */ = {
			isa = PBXGroup;
			children = (
				1800A6DE1C4DF33100D6BCE2 /* GMDCircleLoader.h */,
				1800A6DF1C4DF33100D6BCE2 /* GMDCircleLoader.m */,
			);
			name = GMDCircleLoader;
			sourceTree = "<group>";
		};
		180F32AE1C4CD43C00929F53 /* Indeed */ = {
			isa = PBXGroup;
			children = (
				180F32AC1C4CD42B00929F53 /* IndeedJob.swift */,
				180F32AF1C4CD65C00929F53 /* IndeedJobDetail.swift */,
			);
			name = Indeed;
			sourceTree = "<group>";
		};
		1886EB651C2704F200134016 /* Database */ = {
			isa = PBXGroup;
			children = (
				1886EB5F1C25F92A00134016 /* Database.swift */,
				1886EB661C27051F00134016 /* SQLiteDataStore.swift */,
				1886EB6C1C27096700134016 /* History.swift */,
				18428C101C2DFFDB00C4CAF1 /* Favorite.swift */,
				18428C121C2E073A00C4CAF1 /* FavoriteDetail.swift */,
				1886EB681C27075C00134016 /* HistoryHelper.swift */,
				18428C141C2E082100C4CAF1 /* FavoriteHelper.swift */,
				18428C161C2E206A00C4CAF1 /* FavoriteDetailHelper.swift */,
				1886EB6A1C27089100134016 /* DataHelperProtocol.swift */,
			);
			name = Database;
			sourceTree = "<group>";
		};
		18AB2EBC1C040701002C3484 = {
			isa = PBXGroup;
			children = (
				18AB2EC71C040701002C3484 /* H1BJobs */,
				18AB2EC61C040701002C3484 /* Products */,
				45F1338896A846EA22FB623E /* Pods */,
				510EBF51A6AD3E38FEB12EBF /* Frameworks */,
			);
			sourceTree = "<group>";
		};
		18AB2EC61C040701002C3484 /* Products */ = {
			isa = PBXGroup;
			children = (
				18AB2EC51C040701002C3484 /* H1BJobs.app */,
			);
			name = Products;
			sourceTree = "<group>";
		};
		18AB2EC71C040701002C3484 /* H1BJobs */ = {
			isa = PBXGroup;
			children = (
				18AB2EC81C040701002C3484 /* AppDelegate.swift */,
				18428C1A1C2F2C9200C4CAF1 /* BaseTableViewCell.swift */,
				18AB2F011C0A5C82002C3484 /* ResultsTableViewCell.swift */,
				1894FFB71C1FD628000EBE18 /* HistoryTableViewCell.swift */,
				186A60031C537B5E005A2E07 /* ErrorView.swift */,
				186A60041C537B5E005A2E07 /* ErrorView.xib */,
				186A60091C53F75C005A2E07 /* SaveView.swift */,
				186A60071C53F46E005A2E07 /* SaveView.xib */,
				18AB2EDE1C040746002C3484 /* JobSearchViewController.swift */,
				18AB2EF81C09B05C002C3484 /* SearchResultsViewController.swift */,
				18428C241C39569500C4CAF1 /* JobWebViewControler.swift */,
				18428C181C2ED27C00C4CAF1 /* FavoriteTableViewController.swift */,
				1894FFB51C1FD4AF000EBE18 /* HistoryTableViewController.swift */,
				187E6B331C42FEFB00241486 /* AboutTableViewController.swift */,
				18F6B9C31C4988980033E2FB /* WalkthroughContentViewController.swift */,
				18F6B9C51C498BFC0033E2FB /* WalkthroughPageViewController.swift */,
				18AB2ECE1C040701002C3484 /* Main.storyboard */,
				18AB2ED31C040701002C3484 /* LaunchScreen.storyboard */,
				18AB2EE11C060C75002C3484 /* Job Search Engines */,
				18AB2EE01C060C69002C3484 /* Utilities */,
				18AB2ED11C040701002C3484 /* Assets.xcassets */,
				18AB2ED61C040701002C3484 /* Info.plist */,
				18DD3F2D1C48A15600FBC68B /* H1BJobs-Bridging-Header.h */,
				A865021A1C5D7D420002CC13 /* GoogleService-Info.plist */,
				1800A6E11C4DF33900D6BCE2 /* GMDCircleLoader */,
			);
			path = H1BJobs;
			sourceTree = "<group>";
		};
		18AB2EE01C060C69002C3484 /* Utilities */ = {
			isa = PBXGroup;
			children = (
				18AB2EE61C063F4D002C3484 /* JobUtils.swift */,
				18428C221C38C24400C4CAF1 /* ImageLoader.swift */,
				18BFBA131C4372A700EBB2F9 /* ImageViewWithGradient.swift */,
				18F6B9C71C498E330033E2FB /* WalkthroughPage.swift */,
				1886EB651C2704F200134016 /* Database */,
				18AB2EE21C061FD5002C3484 /* String+Utils.swift */,
				18428C201C37B3E500C4CAF1 /* UIImageView+Utils.swift */,
				18428C1E1C35DC0800C4CAF1 /* UIImage+Utils.swift */,
				18AB2EF61C093100002C3484 /* UIColor+Utils.swift */,
				18AB2EFC1C0A31C9002C3484 /* NSDate+Formatter.swift */,
				18F6B9D71C4AADBA0033E2FB /* UIImage+animatedGIF.h */,
				18F6B9D81C4AADBA0033E2FB /* UIImage+animatedGIF.m */,
			);
			name = Utilities;
			sourceTree = "<group>";
		};
		18AB2EE11C060C75002C3484 /* Job Search Engines */ = {
			isa = PBXGroup;
			children = (
				18AB2EEA1C0799BD002C3484 /* Job.swift */,
				18AB2EFA1C09CF9B002C3484 /* H1BJob.swift */,
				18428C1C1C35CE7100C4CAF1 /* H1BCompany.swift */,
				187E72171C430DE700D458AB /* JobSocialMedia.swift */,
				180F32AE1C4CD43C00929F53 /* Indeed */,
				18F6B9DD1C4C84EE0033E2FB /* Linkup */,
				18AB2EF41C083324002C3484 /* Dice */,
				18AB2EF51C083332002C3484 /* CareerBuilder */,
			);
			name = "Job Search Engines";
			sourceTree = "<group>";
		};
		18AB2EF41C083324002C3484 /* Dice */ = {
			isa = PBXGroup;
			children = (
				18AB2EDC1C04072A002C3484 /* DiceJob.swift */,
				18AB2EE81C06651C002C3484 /* DiceJobDetail.swift */,
			);
			name = Dice;
			sourceTree = "<group>";
		};
		18AB2EF51C083332002C3484 /* CareerBuilder */ = {
			isa = PBXGroup;
			children = (
				18AB2EEC1C07B5AA002C3484 /* CBJob.swift */,
				18AB2EF01C07F764002C3484 /* CBJobDetail.swift */,
				18AB2EEE1C07C529002C3484 /* CBJobResponse.swift */,
			);
			name = CareerBuilder;
			sourceTree = "<group>";
		};
		18F6B9DD1C4C84EE0033E2FB /* Linkup */ = {
			isa = PBXGroup;
			children = (
				18F6B9DB1C4C84E70033E2FB /* LinkupJob.swift */,
				18F6B9DE1C4C86EF0033E2FB /* LinkupJobDetail.swift */,
			);
			name = Linkup;
			sourceTree = "<group>";
		};
		45F1338896A846EA22FB623E /* Pods */ = {
			isa = PBXGroup;
			children = (
				02B0BA33CFC6A136B3B97865 /* Pods.debug.xcconfig */,
				1FF70E88760F2F5F91381D20 /* Pods.release.xcconfig */,
			);
			name = Pods;
			sourceTree = "<group>";
		};
		510EBF51A6AD3E38FEB12EBF /* Frameworks */ = {
			isa = PBXGroup;
			children = (
				1800A6E81C4DF3A200D6BCE2 /* Foundation.framework */,
				1800A6E61C4DF39B00D6BCE2 /* UIKit.framework */,
				1800A6E41C4DF38C00D6BCE2 /* QuartzCore.framework */,
				1800A6E21C4DF37F00D6BCE2 /* CoreGraphics.framework */,
				1886EB631C25FB4100134016 /* libsqlite3.tbd */,
				1886EB611C25FB3000134016 /* SQLite.framework */,
				6B48F45D284830D6B91B1A87 /* Pods.framework */,
			);
			name = Frameworks;
			sourceTree = "<group>";
		};
/* End PBXGroup section */

/* Begin PBXNativeTarget section */
		18AB2EC41C040701002C3484 /* H1BJobs */ = {
			isa = PBXNativeTarget;
			buildConfigurationList = 18AB2ED91C040701002C3484 /* Build configuration list for PBXNativeTarget "H1BJobs" */;
			buildPhases = (
				0D2117DF187680149D0E9373 /* Check Pods Manifest.lock */,
				18AB2EC11C040701002C3484 /* Sources */,
				18AB2EC21C040701002C3484 /* Frameworks */,
				18AB2EC31C040701002C3484 /* Resources */,
				5C076DECD2027F778BEB7469 /* Embed Pods Frameworks */,
				7A0BB4F5A87D212CB4A73E45 /* Copy Pods Resources */,
			);
			buildRules = (
			);
			dependencies = (
			);
			name = H1BJobs;
			productName = H1BJobs;
			productReference = 18AB2EC51C040701002C3484 /* H1BJobs.app */;
			productType = "com.apple.product-type.application";
		};
/* End PBXNativeTarget section */

/* Begin PBXProject section */
		18AB2EBD1C040701002C3484 /* Project object */ = {
			isa = PBXProject;
			attributes = {
				LastUpgradeCheck = 0700;
				ORGANIZATIONNAME = vincethecoder;
				TargetAttributes = {
					18AB2EC41C040701002C3484 = {
						CreatedOnToolsVersion = 7.0;
					};
				};
			};
			buildConfigurationList = 18AB2EC01C040701002C3484 /* Build configuration list for PBXProject "H1BJobs" */;
			compatibilityVersion = "Xcode 3.2";
			developmentRegion = English;
			hasScannedForEncodings = 0;
			knownRegions = (
				en,
				Base,
			);
			mainGroup = 18AB2EBC1C040701002C3484;
			productRefGroup = 18AB2EC61C040701002C3484 /* Products */;
			projectDirPath = "";
			projectRoot = "";
			targets = (
				18AB2EC41C040701002C3484 /* H1BJobs */,
			);
		};
/* End PBXProject section */

/* Begin PBXResourcesBuildPhase section */
		18AB2EC31C040701002C3484 /* Resources */ = {
			isa = PBXResourcesBuildPhase;
			buildActionMask = 2147483647;
			files = (
				18AB2ED51C040701002C3484 /* LaunchScreen.storyboard in Resources */,
				186A60081C53F46E005A2E07 /* SaveView.xib in Resources */,
				18AB2ED21C040701002C3484 /* Assets.xcassets in Resources */,
				18AB2ED01C040701002C3484 /* Main.storyboard in Resources */,
				186A60061C537B5E005A2E07 /* ErrorView.xib in Resources */,
				A865021B1C5D7D420002CC13 /* GoogleService-Info.plist in Resources */,
			);
			runOnlyForDeploymentPostprocessing = 0;
		};
/* End PBXResourcesBuildPhase section */

/* Begin PBXShellScriptBuildPhase section */
		0D2117DF187680149D0E9373 /* Check Pods Manifest.lock */ = {
			isa = PBXShellScriptBuildPhase;
			buildActionMask = 2147483647;
			files = (
			);
			inputPaths = (
			);
			name = "Check Pods Manifest.lock";
			outputPaths = (
			);
			runOnlyForDeploymentPostprocessing = 0;
			shellPath = /bin/sh;
			shellScript = "diff \"${PODS_ROOT}/../Podfile.lock\" \"${PODS_ROOT}/Manifest.lock\" > /dev/null\nif [[ $? != 0 ]] ; then\n    cat << EOM\nerror: The sandbox is not in sync with the Podfile.lock. Run 'pod install' or update your CocoaPods installation.\nEOM\n    exit 1\nfi\n";
			showEnvVarsInLog = 0;
		};
		5C076DECD2027F778BEB7469 /* Embed Pods Frameworks */ = {
			isa = PBXShellScriptBuildPhase;
			buildActionMask = 2147483647;
			files = (
			);
			inputPaths = (
			);
			name = "Embed Pods Frameworks";
			outputPaths = (
			);
			runOnlyForDeploymentPostprocessing = 0;
			shellPath = /bin/sh;
			shellScript = "\"${SRCROOT}/Pods/Target Support Files/Pods/Pods-frameworks.sh\"\n";
			showEnvVarsInLog = 0;
		};
		7A0BB4F5A87D212CB4A73E45 /* Copy Pods Resources */ = {
			isa = PBXShellScriptBuildPhase;
			buildActionMask = 2147483647;
			files = (
			);
			inputPaths = (
			);
			name = "Copy Pods Resources";
			outputPaths = (
			);
			runOnlyForDeploymentPostprocessing = 0;
			shellPath = /bin/sh;
			shellScript = "\"${SRCROOT}/Pods/Target Support Files/Pods/Pods-resources.sh\"\n";
			showEnvVarsInLog = 0;
		};
/* End PBXShellScriptBuildPhase section */

/* Begin PBXSourcesBuildPhase section */
		18AB2EC11C040701002C3484 /* Sources */ = {
			isa = PBXSourcesBuildPhase;
			buildActionMask = 2147483647;
			files = (
				18AB2EEF1C07C529002C3484 /* CBJobResponse.swift in Sources */,
				18F6B9C41C4988980033E2FB /* WalkthroughContentViewController.swift in Sources */,
				18AB2F021C0A5C82002C3484 /* ResultsTableViewCell.swift in Sources */,
				18F6B9C81C498E330033E2FB /* WalkthroughPage.swift in Sources */,
				18BFBA141C4372A700EBB2F9 /* ImageViewWithGradient.swift in Sources */,
				1886EB601C25F92A00134016 /* Database.swift in Sources */,
				1886EB671C27051F00134016 /* SQLiteDataStore.swift in Sources */,
				18428C191C2ED27C00C4CAF1 /* FavoriteTableViewController.swift in Sources */,
				18AB2EE91C06651C002C3484 /* DiceJobDetail.swift in Sources */,
				18AB2EC91C040701002C3484 /* AppDelegate.swift in Sources */,
				18AB2EDD1C04072A002C3484 /* DiceJob.swift in Sources */,
				18428C171C2E206A00C4CAF1 /* FavoriteDetailHelper.swift in Sources */,
				1886EB691C27075C00134016 /* HistoryHelper.swift in Sources */,
				18F6B9D91C4AADBA0033E2FB /* UIImage+animatedGIF.m in Sources */,
				18428C251C39569500C4CAF1 /* JobWebViewControler.swift in Sources */,
				18428C1F1C35DC0800C4CAF1 /* UIImage+Utils.swift in Sources */,
				18F6B9DF1C4C86EF0033E2FB /* LinkupJobDetail.swift in Sources */,
				18AB2EFB1C09CF9B002C3484 /* H1BJob.swift in Sources */,
				18428C211C37B3E500C4CAF1 /* UIImageView+Utils.swift in Sources */,
				180F32B01C4CD65C00929F53 /* IndeedJobDetail.swift in Sources */,
				1800A6E01C4DF33100D6BCE2 /* GMDCircleLoader.m in Sources */,
				18AB2EEB1C0799BD002C3484 /* Job.swift in Sources */,
				18AB2EED1C07B5AA002C3484 /* CBJob.swift in Sources */,
				18F6B9C61C498BFC0033E2FB /* WalkthroughPageViewController.swift in Sources */,
				187E72181C430DE700D458AB /* JobSocialMedia.swift in Sources */,
				18428C151C2E082100C4CAF1 /* FavoriteHelper.swift in Sources */,
				1886EB6D1C27096700134016 /* History.swift in Sources */,
				18428C1D1C35CE7100C4CAF1 /* H1BCompany.swift in Sources */,
				186A600A1C53F75C005A2E07 /* SaveView.swift in Sources */,
				18428C131C2E073A00C4CAF1 /* FavoriteDetail.swift in Sources */,
				18AB2EE71C063F4D002C3484 /* JobUtils.swift in Sources */,
				18AB2EDF1C040746002C3484 /* JobSearchViewController.swift in Sources */,
				186A60051C537B5E005A2E07 /* ErrorView.swift in Sources */,
				180F32AD1C4CD42B00929F53 /* IndeedJob.swift in Sources */,
				1886EB6B1C27089100134016 /* DataHelperProtocol.swift in Sources */,
				18AB2EE31C061FD5002C3484 /* String+Utils.swift in Sources */,
				18AB2EFD1C0A31C9002C3484 /* NSDate+Formatter.swift in Sources */,
				1894FFB61C1FD4AF000EBE18 /* HistoryTableViewController.swift in Sources */,
				18428C111C2DFFDB00C4CAF1 /* Favorite.swift in Sources */,
				18428C231C38C24400C4CAF1 /* ImageLoader.swift in Sources */,
				1894FFB81C1FD628000EBE18 /* HistoryTableViewCell.swift in Sources */,
				18AB2EF71C093100002C3484 /* UIColor+Utils.swift in Sources */,
				18AB2EF91C09B05C002C3484 /* SearchResultsViewController.swift in Sources */,
				18428C1B1C2F2C9200C4CAF1 /* BaseTableViewCell.swift in Sources */,
				18F6B9DC1C4C84E70033E2FB /* LinkupJob.swift in Sources */,
				18AB2EF11C07F764002C3484 /* CBJobDetail.swift in Sources */,
				187E6B341C42FEFB00241486 /* AboutTableViewController.swift in Sources */,
			);
			runOnlyForDeploymentPostprocessing = 0;
		};
/* End PBXSourcesBuildPhase section */

/* Begin PBXVariantGroup section */
		18AB2ECE1C040701002C3484 /* Main.storyboard */ = {
			isa = PBXVariantGroup;
			children = (
				18AB2ECF1C040701002C3484 /* Base */,
			);
			name = Main.storyboard;
			sourceTree = "<group>";
		};
		18AB2ED31C040701002C3484 /* LaunchScreen.storyboard */ = {
			isa = PBXVariantGroup;
			children = (
				18AB2ED41C040701002C3484 /* Base */,
			);
			name = LaunchScreen.storyboard;
			sourceTree = "<group>";
		};
/* End PBXVariantGroup section */

/* Begin XCBuildConfiguration section */
		18AB2ED71C040701002C3484 /* Debug */ = {
			isa = XCBuildConfiguration;
			buildSettings = {
				ALWAYS_SEARCH_USER_PATHS = NO;
				CLANG_CXX_LANGUAGE_STANDARD = "gnu++0x";
				CLANG_CXX_LIBRARY = "libc++";
				CLANG_ENABLE_MODULES = YES;
				CLANG_ENABLE_OBJC_ARC = YES;
				CLANG_WARN_BOOL_CONVERSION = YES;
				CLANG_WARN_CONSTANT_CONVERSION = YES;
				CLANG_WARN_DIRECT_OBJC_ISA_USAGE = YES_ERROR;
				CLANG_WARN_EMPTY_BODY = YES;
				CLANG_WARN_ENUM_CONVERSION = YES;
				CLANG_WARN_INT_CONVERSION = YES;
				CLANG_WARN_OBJC_ROOT_CLASS = YES_ERROR;
				CLANG_WARN_UNREACHABLE_CODE = YES;
				CLANG_WARN__DUPLICATE_METHOD_MATCH = YES;
				"CODE_SIGN_IDENTITY[sdk=iphoneos*]" = "iPhone Developer";
				COPY_PHASE_STRIP = NO;
				DEBUG_INFORMATION_FORMAT = dwarf;
				ENABLE_STRICT_OBJC_MSGSEND = YES;
				ENABLE_TESTABILITY = YES;
				GCC_C_LANGUAGE_STANDARD = gnu99;
				GCC_DYNAMIC_NO_PIC = NO;
				GCC_NO_COMMON_BLOCKS = YES;
				GCC_OPTIMIZATION_LEVEL = 0;
				GCC_PREPROCESSOR_DEFINITIONS = (
					"DEBUG=1",
					"$(inherited)",
				);
				GCC_WARN_64_TO_32_BIT_CONVERSION = YES;
				GCC_WARN_ABOUT_RETURN_TYPE = YES_ERROR;
				GCC_WARN_UNDECLARED_SELECTOR = YES;
				GCC_WARN_UNINITIALIZED_AUTOS = YES_AGGRESSIVE;
				GCC_WARN_UNUSED_FUNCTION = YES;
				GCC_WARN_UNUSED_VARIABLE = YES;
				IPHONEOS_DEPLOYMENT_TARGET = 9.0;
				MTL_ENABLE_DEBUG_INFO = YES;
				ONLY_ACTIVE_ARCH = YES;
				SDKROOT = iphoneos;
				SWIFT_OPTIMIZATION_LEVEL = "-Onone";
				TARGETED_DEVICE_FAMILY = "1,2";
			};
			name = Debug;
		};
		18AB2ED81C040701002C3484 /* Release */ = {
			isa = XCBuildConfiguration;
			buildSettings = {
				ALWAYS_SEARCH_USER_PATHS = NO;
				CLANG_CXX_LANGUAGE_STANDARD = "gnu++0x";
				CLANG_CXX_LIBRARY = "libc++";
				CLANG_ENABLE_MODULES = YES;
				CLANG_ENABLE_OBJC_ARC = YES;
				CLANG_WARN_BOOL_CONVERSION = YES;
				CLANG_WARN_CONSTANT_CONVERSION = YES;
				CLANG_WARN_DIRECT_OBJC_ISA_USAGE = YES_ERROR;
				CLANG_WARN_EMPTY_BODY = YES;
				CLANG_WARN_ENUM_CONVERSION = YES;
				CLANG_WARN_INT_CONVERSION = YES;
				CLANG_WARN_OBJC_ROOT_CLASS = YES_ERROR;
				CLANG_WARN_UNREACHABLE_CODE = YES;
				CLANG_WARN__DUPLICATE_METHOD_MATCH = YES;
				"CODE_SIGN_IDENTITY[sdk=iphoneos*]" = "iPhone Developer";
				COPY_PHASE_STRIP = NO;
				DEBUG_INFORMATION_FORMAT = "dwarf-with-dsym";
				ENABLE_NS_ASSERTIONS = NO;
				ENABLE_STRICT_OBJC_MSGSEND = YES;
				GCC_C_LANGUAGE_STANDARD = gnu99;
				GCC_NO_COMMON_BLOCKS = YES;
				GCC_WARN_64_TO_32_BIT_CONVERSION = YES;
				GCC_WARN_ABOUT_RETURN_TYPE = YES_ERROR;
				GCC_WARN_UNDECLARED_SELECTOR = YES;
				GCC_WARN_UNINITIALIZED_AUTOS = YES_AGGRESSIVE;
				GCC_WARN_UNUSED_FUNCTION = YES;
				GCC_WARN_UNUSED_VARIABLE = YES;
				IPHONEOS_DEPLOYMENT_TARGET = 9.0;
				MTL_ENABLE_DEBUG_INFO = NO;
				SDKROOT = iphoneos;
				TARGETED_DEVICE_FAMILY = "1,2";
				VALIDATE_PRODUCT = YES;
			};
			name = Release;
		};
		18AB2EDA1C040701002C3484 /* Debug */ = {
			isa = XCBuildConfiguration;
			baseConfigurationReference = 02B0BA33CFC6A136B3B97865 /* Pods.debug.xcconfig */;
			buildSettings = {
				ASSETCATALOG_COMPILER_APPICON_NAME = AppIcon;
				CODE_SIGN_IDENTITY = "iPhone Developer";
				ENABLE_BITCODE = NO;
				FRAMEWORK_SEARCH_PATHS = "$(inherited)";
				INFOPLIST_FILE = H1BJobs/Info.plist;
				IPHONEOS_DEPLOYMENT_TARGET = 9.2;
				LD_RUNPATH_SEARCH_PATHS = "$(inherited) @executable_path/Frameworks";
				PRODUCT_BUNDLE_IDENTIFIER = "com.vincethecoder.H-1BJobs";
				PRODUCT_NAME = "$(TARGET_NAME)";
				SWIFT_OBJC_BRIDGING_HEADER = "H1BJobs/H1BJobs-Bridging-Header.h";
				TARGETED_DEVICE_FAMILY = 1;
			};
			name = Debug;
		};
		18AB2EDB1C040701002C3484 /* Release */ = {
			isa = XCBuildConfiguration;
			baseConfigurationReference = 1FF70E88760F2F5F91381D20 /* Pods.release.xcconfig */;
			buildSettings = {
				ASSETCATALOG_COMPILER_APPICON_NAME = AppIcon;
				CODE_SIGN_IDENTITY = "iPhone Developer";
				ENABLE_BITCODE = NO;
				FRAMEWORK_SEARCH_PATHS = "$(inherited)";
				INFOPLIST_FILE = H1BJobs/Info.plist;
				IPHONEOS_DEPLOYMENT_TARGET = 9.2;
				LD_RUNPATH_SEARCH_PATHS = "$(inherited) @executable_path/Frameworks";
				PRODUCT_BUNDLE_IDENTIFIER = "com.vincethecoder.H-1BJobs";
				PRODUCT_NAME = "$(TARGET_NAME)";
				SWIFT_OBJC_BRIDGING_HEADER = "H1BJobs/H1BJobs-Bridging-Header.h";
				TARGETED_DEVICE_FAMILY = 1;
			};
			name = Release;
		};
/* End XCBuildConfiguration section */

/* Begin XCConfigurationList section */
		18AB2EC01C040701002C3484 /* Build configuration list for PBXProject "H1BJobs" */ = {
			isa = XCConfigurationList;
			buildConfigurations = (
				18AB2ED71C040701002C3484 /* Debug */,
				18AB2ED81C040701002C3484 /* Release */,
			);
			defaultConfigurationIsVisible = 0;
			defaultConfigurationName = Release;
		};
		18AB2ED91C040701002C3484 /* Build configuration list for PBXNativeTarget "H1BJobs" */ = {
			isa = XCConfigurationList;
			buildConfigurations = (
				18AB2EDA1C040701002C3484 /* Debug */,
				18AB2EDB1C040701002C3484 /* Release */,
			);
			defaultConfigurationIsVisible = 0;
			defaultConfigurationName = Release;
		};
/* End XCConfigurationList section */
	};
	rootObject = 18AB2EBD1C040701002C3484 /* Project object */;
}
